// !$*UTF8*$!
{
	archiveVersion = 1;
	classes = {
	};
	objectVersion = 46;
	objects = {

/* Begin PBXBuildFile section */
		1AA27F754CEFA000C2956D84 /* Pods_RappStore.framework in Frameworks */ = {isa = PBXBuildFile; fileRef = A24BE691C9B8C778B36D3A00 /* Pods_RappStore.framework */; };
		9300BE1C1DBE835000C77615 /* RappManager.swift in Sources */ = {isa = PBXBuildFile; fileRef = 9300BE1B1DBE835000C77615 /* RappManager.swift */; };
		9300BE1E1DBE843300C77615 /* Reachability.swift in Sources */ = {isa = PBXBuildFile; fileRef = 9300BE1D1DBE843300C77615 /* Reachability.swift */; };
		9300BE201DBE9F1100C77615 /* ApplicationViewController.swift in Sources */ = {isa = PBXBuildFile; fileRef = 9300BE1F1DBE9F1100C77615 /* ApplicationViewController.swift */; };
		93434C6A1DBE4B6700286082 /* AppDelegate.swift in Sources */ = {isa = PBXBuildFile; fileRef = 93434C691DBE4B6700286082 /* AppDelegate.swift */; };
		93434C6F1DBE4B6700286082 /* Main.storyboard in Resources */ = {isa = PBXBuildFile; fileRef = 93434C6D1DBE4B6700286082 /* Main.storyboard */; };
		93434C721DBE4B6700286082 /* RappStore.xcdatamodeld in Sources */ = {isa = PBXBuildFile; fileRef = 93434C701DBE4B6700286082 /* RappStore.xcdatamodeld */; };
		93434C741DBE4B6700286082 /* Assets.xcassets in Resources */ = {isa = PBXBuildFile; fileRef = 93434C731DBE4B6700286082 /* Assets.xcassets */; };
		93434C771DBE4B6700286082 /* LaunchScreen.storyboard in Resources */ = {isa = PBXBuildFile; fileRef = 93434C751DBE4B6700286082 /* LaunchScreen.storyboard */; };
		93434C821DBE4B6800286082 /* RappStoreTests.swift in Sources */ = {isa = PBXBuildFile; fileRef = 93434C811DBE4B6800286082 /* RappStoreTests.swift */; };
		93434C901DBE4CE700286082 /* App.swift in Sources */ = {isa = PBXBuildFile; fileRef = 93434C8F1DBE4CE700286082 /* App.swift */; };
		93434C961DBE4FD500286082 /* Constants.swift in Sources */ = {isa = PBXBuildFile; fileRef = 93434C951DBE4FD500286082 /* Constants.swift */; };
		93434C9A1DBE529E00286082 /* ApiRequests.swift in Sources */ = {isa = PBXBuildFile; fileRef = 93434C991DBE529E00286082 /* ApiRequests.swift */; };
		93434C9C1DBE5E5400286082 /* Category.swift in Sources */ = {isa = PBXBuildFile; fileRef = 93434C9B1DBE5E5400286082 /* Category.swift */; };
		93434C9E1DBE671000286082 /* CategoriesViewController.swift in Sources */ = {isa = PBXBuildFile; fileRef = 93434C9D1DBE671000286082 /* CategoriesViewController.swift */; };
		93434CBB1DBE6A8500286082 /* SF-UI-Display-Black.otf in Resources */ = {isa = PBXBuildFile; fileRef = 93434CA21DBE6A8500286082 /* SF-UI-Display-Black.otf */; };
		93434CBC1DBE6A8500286082 /* SF-UI-Display-Bold.otf in Resources */ = {isa = PBXBuildFile; fileRef = 93434CA31DBE6A8500286082 /* SF-UI-Display-Bold.otf */; };
		93434CBD1DBE6A8500286082 /* SF-UI-Display-Heavy.otf in Resources */ = {isa = PBXBuildFile; fileRef = 93434CA41DBE6A8500286082 /* SF-UI-Display-Heavy.otf */; };
		93434CBE1DBE6A8500286082 /* SF-UI-Display-Light.otf in Resources */ = {isa = PBXBuildFile; fileRef = 93434CA51DBE6A8500286082 /* SF-UI-Display-Light.otf */; };
		93434CBF1DBE6A8500286082 /* SF-UI-Display-Medium.otf in Resources */ = {isa = PBXBuildFile; fileRef = 93434CA61DBE6A8500286082 /* SF-UI-Display-Medium.otf */; };
		93434CC01DBE6A8500286082 /* SF-UI-Display-Regular.otf in Resources */ = {isa = PBXBuildFile; fileRef = 93434CA71DBE6A8500286082 /* SF-UI-Display-Regular.otf */; };
		93434CC11DBE6A8500286082 /* SF-UI-Display-Semibold.otf in Resources */ = {isa = PBXBuildFile; fileRef = 93434CA81DBE6A8500286082 /* SF-UI-Display-Semibold.otf */; };
		93434CC21DBE6A8500286082 /* SF-UI-Display-Thin.otf in Resources */ = {isa = PBXBuildFile; fileRef = 93434CA91DBE6A8500286082 /* SF-UI-Display-Thin.otf */; };
		93434CC31DBE6A8500286082 /* SF-UI-Display-Ultralight.otf in Resources */ = {isa = PBXBuildFile; fileRef = 93434CAA1DBE6A8500286082 /* SF-UI-Display-Ultralight.otf */; };
		93434CC41DBE6A8500286082 /* SF-UI-Text-Bold.otf in Resources */ = {isa = PBXBuildFile; fileRef = 93434CAC1DBE6A8500286082 /* SF-UI-Text-Bold.otf */; };
		93434CC51DBE6A8500286082 /* SF-UI-Text-BoldItalic.otf in Resources */ = {isa = PBXBuildFile; fileRef = 93434CAD1DBE6A8500286082 /* SF-UI-Text-BoldItalic.otf */; };
		93434CC61DBE6A8500286082 /* SF-UI-Text-Heavy.otf in Resources */ = {isa = PBXBuildFile; fileRef = 93434CAE1DBE6A8500286082 /* SF-UI-Text-Heavy.otf */; };
		93434CC71DBE6A8500286082 /* SF-UI-Text-HeavyItalic.otf in Resources */ = {isa = PBXBuildFile; fileRef = 93434CAF1DBE6A8500286082 /* SF-UI-Text-HeavyItalic.otf */; };
		93434CC81DBE6A8500286082 /* SF-UI-Text-Light.otf in Resources */ = {isa = PBXBuildFile; fileRef = 93434CB01DBE6A8500286082 /* SF-UI-Text-Light.otf */; };
		93434CC91DBE6A8500286082 /* SF-UI-Text-LightItalic.otf in Resources */ = {isa = PBXBuildFile; fileRef = 93434CB11DBE6A8500286082 /* SF-UI-Text-LightItalic.otf */; };
		93434CCA1DBE6A8500286082 /* SF-UI-Text-Medium.otf in Resources */ = {isa = PBXBuildFile; fileRef = 93434CB21DBE6A8500286082 /* SF-UI-Text-Medium.otf */; };
		93434CCB1DBE6A8500286082 /* SF-UI-Text-MediumItalic.otf in Resources */ = {isa = PBXBuildFile; fileRef = 93434CB31DBE6A8500286082 /* SF-UI-Text-MediumItalic.otf */; };
		93434CCC1DBE6A8500286082 /* SF-UI-Text-Regular.otf in Resources */ = {isa = PBXBuildFile; fileRef = 93434CB41DBE6A8500286082 /* SF-UI-Text-Regular.otf */; };
		93434CCD1DBE6A8500286082 /* SF-UI-Text-RegularItalic.otf in Resources */ = {isa = PBXBuildFile; fileRef = 93434CB51DBE6A8500286082 /* SF-UI-Text-RegularItalic.otf */; };
		93434CCE1DBE6A8500286082 /* SF-UI-Text-Semibold.otf in Resources */ = {isa = PBXBuildFile; fileRef = 93434CB61DBE6A8500286082 /* SF-UI-Text-Semibold.otf */; };
		93434CCF1DBE6A8500286082 /* SF-UI-Text-SemiboldItalic.otf in Resources */ = {isa = PBXBuildFile; fileRef = 93434CB71DBE6A8500286082 /* SF-UI-Text-SemiboldItalic.otf */; };
		93434CD01DBE6A8500286082 /* SF-UI-Text-Ultrathin.otf in Resources */ = {isa = PBXBuildFile; fileRef = 93434CB81DBE6A8500286082 /* SF-UI-Text-Ultrathin.otf */; };
		93434CD11DBE6A8500286082 /* SF-UI-Text-UltrathinItalic.otf in Resources */ = {isa = PBXBuildFile; fileRef = 93434CB91DBE6A8500286082 /* SF-UI-Text-UltrathinItalic.otf */; };
		93434CD31DBE6B0400286082 /* AppCollectionViewCell.swift in Sources */ = {isa = PBXBuildFile; fileRef = 93434CD21DBE6B0400286082 /* AppCollectionViewCell.swift */; };
		93434CD51DBE6CFE00286082 /* CategoryTableViewCell.swift in Sources */ = {isa = PBXBuildFile; fileRef = 93434CD41DBE6CFE00286082 /* CategoryTableViewCell.swift */; };
		938F53001DBFB493008AC673 /* ApplicationDetailsViewController.swift in Sources */ = {isa = PBXBuildFile; fileRef = 938F52FF1DBFB493008AC673 /* ApplicationDetailsViewController.swift */; };
		D647D246F1C6E06529CB0239 /* Pods_RappStoreTests.framework in Frameworks */ = {isa = PBXBuildFile; fileRef = 6FA751936F8D8CE1F38DD25F /* Pods_RappStoreTests.framework */; };
/* End PBXBuildFile section */

/* Begin PBXContainerItemProxy section */
		93434C7E1DBE4B6800286082 /* PBXContainerItemProxy */ = {
			isa = PBXContainerItemProxy;
			containerPortal = 93434C5E1DBE4B6700286082 /* Project object */;
			proxyType = 1;
			remoteGlobalIDString = 93434C651DBE4B6700286082;
			remoteInfo = RappStore;
		};
/* End PBXContainerItemProxy section */

/* Begin PBXFileReference section */
		46F4478C4A1EADDF86DFCC38 /* Pods-RappStoreTests.debug.xcconfig */ = {isa = PBXFileReference; includeInIndex = 1; lastKnownFileType = text.xcconfig; name = "Pods-RappStoreTests.debug.xcconfig"; path = "Pods/Target Support Files/Pods-RappStoreTests/Pods-RappStoreTests.debug.xcconfig"; sourceTree = "<group>"; };
		6FA751936F8D8CE1F38DD25F /* Pods_RappStoreTests.framework */ = {isa = PBXFileReference; explicitFileType = wrapper.framework; includeInIndex = 0; path = Pods_RappStoreTests.framework; sourceTree = BUILT_PRODUCTS_DIR; };
		91631C8C5284083209FA748C /* Pods-RappStore.debug.xcconfig */ = {isa = PBXFileReference; includeInIndex = 1; lastKnownFileType = text.xcconfig; name = "Pods-RappStore.debug.xcconfig"; path = "Pods/Target Support Files/Pods-RappStore/Pods-RappStore.debug.xcconfig"; sourceTree = "<group>"; };
		9300BE1B1DBE835000C77615 /* RappManager.swift */ = {isa = PBXFileReference; fileEncoding = 4; lastKnownFileType = sourcecode.swift; name = RappManager.swift; path = Manager/RappManager.swift; sourceTree = "<group>"; };
		9300BE1D1DBE843300C77615 /* Reachability.swift */ = {isa = PBXFileReference; fileEncoding = 4; lastKnownFileType = sourcecode.swift; name = Reachability.swift; path = API/Reachability.swift; sourceTree = "<group>"; };
		9300BE1F1DBE9F1100C77615 /* ApplicationViewController.swift */ = {isa = PBXFileReference; fileEncoding = 4; lastKnownFileType = sourcecode.swift; path = ApplicationViewController.swift; sourceTree = "<group>"; };
		93434C661DBE4B6700286082 /* RappStore.app */ = {isa = PBXFileReference; explicitFileType = wrapper.application; includeInIndex = 0; path = RappStore.app; sourceTree = BUILT_PRODUCTS_DIR; };
		93434C691DBE4B6700286082 /* AppDelegate.swift */ = {isa = PBXFileReference; lastKnownFileType = sourcecode.swift; path = AppDelegate.swift; sourceTree = "<group>"; };
		93434C6E1DBE4B6700286082 /* Base */ = {isa = PBXFileReference; lastKnownFileType = file.storyboard; name = Base; path = Base.lproj/Main.storyboard; sourceTree = "<group>"; };
		93434C711DBE4B6700286082 /* RappStore.xcdatamodel */ = {isa = PBXFileReference; lastKnownFileType = wrapper.xcdatamodel; path = RappStore.xcdatamodel; sourceTree = "<group>"; };
		93434C731DBE4B6700286082 /* Assets.xcassets */ = {isa = PBXFileReference; lastKnownFileType = folder.assetcatalog; path = Assets.xcassets; sourceTree = "<group>"; };
		93434C761DBE4B6700286082 /* Base */ = {isa = PBXFileReference; lastKnownFileType = file.storyboard; name = Base; path = Base.lproj/LaunchScreen.storyboard; sourceTree = "<group>"; };
		93434C781DBE4B6700286082 /* Info.plist */ = {isa = PBXFileReference; lastKnownFileType = text.plist.xml; path = Info.plist; sourceTree = "<group>"; };
		93434C7D1DBE4B6800286082 /* RappStoreTests.xctest */ = {isa = PBXFileReference; explicitFileType = wrapper.cfbundle; includeInIndex = 0; path = RappStoreTests.xctest; sourceTree = BUILT_PRODUCTS_DIR; };
		93434C811DBE4B6800286082 /* RappStoreTests.swift */ = {isa = PBXFileReference; lastKnownFileType = sourcecode.swift; path = RappStoreTests.swift; sourceTree = "<group>"; };
		93434C831DBE4B6800286082 /* Info.plist */ = {isa = PBXFileReference; lastKnownFileType = text.plist.xml; path = Info.plist; sourceTree = "<group>"; };
		93434C8F1DBE4CE700286082 /* App.swift */ = {isa = PBXFileReference; fileEncoding = 4; lastKnownFileType = sourcecode.swift; name = App.swift; path = Model/App.swift; sourceTree = "<group>"; };
		93434C951DBE4FD500286082 /* Constants.swift */ = {isa = PBXFileReference; fileEncoding = 4; lastKnownFileType = sourcecode.swift; name = Constants.swift; path = API/Constants.swift; sourceTree = "<group>"; };
		93434C991DBE529E00286082 /* ApiRequests.swift */ = {isa = PBXFileReference; fileEncoding = 4; lastKnownFileType = sourcecode.swift; name = ApiRequests.swift; path = API/ApiRequests.swift; sourceTree = "<group>"; };
		93434C9B1DBE5E5400286082 /* Category.swift */ = {isa = PBXFileReference; fileEncoding = 4; lastKnownFileType = sourcecode.swift; name = Category.swift; path = Model/Category.swift; sourceTree = "<group>"; };
		93434C9D1DBE671000286082 /* CategoriesViewController.swift */ = {isa = PBXFileReference; fileEncoding = 4; lastKnownFileType = sourcecode.swift; path = CategoriesViewController.swift; sourceTree = "<group>"; };
		93434CA21DBE6A8500286082 /* SF-UI-Display-Black.otf */ = {isa = PBXFileReference; lastKnownFileType = file; path = "SF-UI-Display-Black.otf"; sourceTree = "<group>"; };
		93434CA31DBE6A8500286082 /* SF-UI-Display-Bold.otf */ = {isa = PBXFileReference; lastKnownFileType = file; path = "SF-UI-Display-Bold.otf"; sourceTree = "<group>"; };
		93434CA41DBE6A8500286082 /* SF-UI-Display-Heavy.otf */ = {isa = PBXFileReference; lastKnownFileType = file; path = "SF-UI-Display-Heavy.otf"; sourceTree = "<group>"; };
		93434CA51DBE6A8500286082 /* SF-UI-Display-Light.otf */ = {isa = PBXFileReference; lastKnownFileType = file; path = "SF-UI-Display-Light.otf"; sourceTree = "<group>"; };
		93434CA61DBE6A8500286082 /* SF-UI-Display-Medium.otf */ = {isa = PBXFileReference; lastKnownFileType = file; path = "SF-UI-Display-Medium.otf"; sourceTree = "<group>"; };
		93434CA71DBE6A8500286082 /* SF-UI-Display-Regular.otf */ = {isa = PBXFileReference; lastKnownFileType = file; path = "SF-UI-Display-Regular.otf"; sourceTree = "<group>"; };
		93434CA81DBE6A8500286082 /* SF-UI-Display-Semibold.otf */ = {isa = PBXFileReference; lastKnownFileType = file; path = "SF-UI-Display-Semibold.otf"; sourceTree = "<group>"; };
		93434CA91DBE6A8500286082 /* SF-UI-Display-Thin.otf */ = {isa = PBXFileReference; lastKnownFileType = file; path = "SF-UI-Display-Thin.otf"; sourceTree = "<group>"; };
		93434CAA1DBE6A8500286082 /* SF-UI-Display-Ultralight.otf */ = {isa = PBXFileReference; lastKnownFileType = file; path = "SF-UI-Display-Ultralight.otf"; sourceTree = "<group>"; };
		93434CAC1DBE6A8500286082 /* SF-UI-Text-Bold.otf */ = {isa = PBXFileReference; lastKnownFileType = file; path = "SF-UI-Text-Bold.otf"; sourceTree = "<group>"; };
		93434CAD1DBE6A8500286082 /* SF-UI-Text-BoldItalic.otf */ = {isa = PBXFileReference; lastKnownFileType = file; path = "SF-UI-Text-BoldItalic.otf"; sourceTree = "<group>"; };
		93434CAE1DBE6A8500286082 /* SF-UI-Text-Heavy.otf */ = {isa = PBXFileReference; lastKnownFileType = file; path = "SF-UI-Text-Heavy.otf"; sourceTree = "<group>"; };
		93434CAF1DBE6A8500286082 /* SF-UI-Text-HeavyItalic.otf */ = {isa = PBXFileReference; lastKnownFileType = file; path = "SF-UI-Text-HeavyItalic.otf"; sourceTree = "<group>"; };
		93434CB01DBE6A8500286082 /* SF-UI-Text-Light.otf */ = {isa = PBXFileReference; lastKnownFileType = file; path = "SF-UI-Text-Light.otf"; sourceTree = "<group>"; };
		93434CB11DBE6A8500286082 /* SF-UI-Text-LightItalic.otf */ = {isa = PBXFileReference; lastKnownFileType = file; path = "SF-UI-Text-LightItalic.otf"; sourceTree = "<group>"; };
		93434CB21DBE6A8500286082 /* SF-UI-Text-Medium.otf */ = {isa = PBXFileReference; lastKnownFileType = file; path = "SF-UI-Text-Medium.otf"; sourceTree = "<group>"; };
		93434CB31DBE6A8500286082 /* SF-UI-Text-MediumItalic.otf */ = {isa = PBXFileReference; lastKnownFileType = file; path = "SF-UI-Text-MediumItalic.otf"; sourceTree = "<group>"; };
		93434CB41DBE6A8500286082 /* SF-UI-Text-Regular.otf */ = {isa = PBXFileReference; lastKnownFileType = file; path = "SF-UI-Text-Regular.otf"; sourceTree = "<group>"; };
		93434CB51DBE6A8500286082 /* SF-UI-Text-RegularItalic.otf */ = {isa = PBXFileReference; lastKnownFileType = file; path = "SF-UI-Text-RegularItalic.otf"; sourceTree = "<group>"; };
		93434CB61DBE6A8500286082 /* SF-UI-Text-Semibold.otf */ = {isa = PBXFileReference; lastKnownFileType = file; path = "SF-UI-Text-Semibold.otf"; sourceTree = "<group>"; };
		93434CB71DBE6A8500286082 /* SF-UI-Text-SemiboldItalic.otf */ = {isa = PBXFileReference; lastKnownFileType = file; path = "SF-UI-Text-SemiboldItalic.otf"; sourceTree = "<group>"; };
		93434CB81DBE6A8500286082 /* SF-UI-Text-Ultrathin.otf */ = {isa = PBXFileReference; lastKnownFileType = file; path = "SF-UI-Text-Ultrathin.otf"; sourceTree = "<group>"; };
		93434CB91DBE6A8500286082 /* SF-UI-Text-UltrathinItalic.otf */ = {isa = PBXFileReference; lastKnownFileType = file; path = "SF-UI-Text-UltrathinItalic.otf"; sourceTree = "<group>"; };
		93434CD21DBE6B0400286082 /* AppCollectionViewCell.swift */ = {isa = PBXFileReference; fileEncoding = 4; lastKnownFileType = sourcecode.swift; name = AppCollectionViewCell.swift; path = View/AppCollectionViewCell.swift; sourceTree = "<group>"; };
		93434CD41DBE6CFE00286082 /* CategoryTableViewCell.swift */ = {isa = PBXFileReference; fileEncoding = 4; lastKnownFileType = sourcecode.swift; name = CategoryTableViewCell.swift; path = View/CategoryTableViewCell.swift; sourceTree = "<group>"; };
		938F52FF1DBFB493008AC673 /* ApplicationDetailsViewController.swift */ = {isa = PBXFileReference; fileEncoding = 4; lastKnownFileType = sourcecode.swift; path = ApplicationDetailsViewController.swift; sourceTree = "<group>"; };
		A24BE691C9B8C778B36D3A00 /* Pods_RappStore.framework */ = {isa = PBXFileReference; explicitFileType = wrapper.framework; includeInIndex = 0; path = Pods_RappStore.framework; sourceTree = BUILT_PRODUCTS_DIR; };
		FACF0DE988F6F8A48AD28D7D /* Pods-RappStoreTests.release.xcconfig */ = {isa = PBXFileReference; includeInIndex = 1; lastKnownFileType = text.xcconfig; name = "Pods-RappStoreTests.release.xcconfig"; path = "Pods/Target Support Files/Pods-RappStoreTests/Pods-RappStoreTests.release.xcconfig"; sourceTree = "<group>"; };
		FF727C082DC15354A0DAE454 /* Pods-RappStore.release.xcconfig */ = {isa = PBXFileReference; includeInIndex = 1; lastKnownFileType = text.xcconfig; name = "Pods-RappStore.release.xcconfig"; path = "Pods/Target Support Files/Pods-RappStore/Pods-RappStore.release.xcconfig"; sourceTree = "<group>"; };
/* End PBXFileReference section */

/* Begin PBXFrameworksBuildPhase section */
		93434C631DBE4B6700286082 /* Frameworks */ = {
			isa = PBXFrameworksBuildPhase;
			buildActionMask = 2147483647;
			files = (
				1AA27F754CEFA000C2956D84 /* Pods_RappStore.framework in Frameworks */,
			);
			runOnlyForDeploymentPostprocessing = 0;
		};
		93434C7A1DBE4B6800286082 /* Frameworks */ = {
			isa = PBXFrameworksBuildPhase;
			buildActionMask = 2147483647;
			files = (
				D647D246F1C6E06529CB0239 /* Pods_RappStoreTests.framework in Frameworks */,
			);
			runOnlyForDeploymentPostprocessing = 0;
		};
/* End PBXFrameworksBuildPhase section */

/* Begin PBXGroup section */
		81DF8E3D78C9AFCBF5352D9B /* Frameworks */ = {
			isa = PBXGroup;
			children = (
				A24BE691C9B8C778B36D3A00 /* Pods_RappStore.framework */,
				6FA751936F8D8CE1F38DD25F /* Pods_RappStoreTests.framework */,
			);
			name = Frameworks;
			sourceTree = "<group>";
		};
		93434C5D1DBE4B6700286082 = {
			isa = PBXGroup;
			children = (
				93434C681DBE4B6700286082 /* RappStore */,
				93434C801DBE4B6800286082 /* RappStoreTests */,
				93434C671DBE4B6700286082 /* Products */,
				97F20444944FAC4CC2599646 /* Pods */,
				81DF8E3D78C9AFCBF5352D9B /* Frameworks */,
			);
			sourceTree = "<group>";
		};
		93434C671DBE4B6700286082 /* Products */ = {
			isa = PBXGroup;
			children = (
				93434C661DBE4B6700286082 /* RappStore.app */,
				93434C7D1DBE4B6800286082 /* RappStoreTests.xctest */,
			);
			name = Products;
			sourceTree = "<group>";
		};
		93434C681DBE4B6700286082 /* RappStore */ = {
			isa = PBXGroup;
			children = (
				93434C941DBE4FBC00286082 /* API */,
				93434C911DBE4D1300286082 /* Controller */,
				93434C8D1DBE4CAA00286082 /* View */,
				93434C8C1DBE4CA400286082 /* Model */,
				93434C691DBE4B6700286082 /* AppDelegate.swift */,
				93434C731DBE4B6700286082 /* Assets.xcassets */,
				93434C9F1DBE6A8500286082 /* SF UI */,
				93434C751DBE4B6700286082 /* LaunchScreen.storyboard */,
				93434C781DBE4B6700286082 /* Info.plist */,
				93434C701DBE4B6700286082 /* RappStore.xcdatamodeld */,
			);
			path = RappStore;
			sourceTree = "<group>";
		};
		93434C801DBE4B6800286082 /* RappStoreTests */ = {
			isa = PBXGroup;
			children = (
				93434C811DBE4B6800286082 /* RappStoreTests.swift */,
				93434C831DBE4B6800286082 /* Info.plist */,
			);
			path = RappStoreTests;
			sourceTree = "<group>";
		};
		93434C8C1DBE4CA400286082 /* Model */ = {
			isa = PBXGroup;
			children = (
				93434C8F1DBE4CE700286082 /* App.swift */,
				93434C9B1DBE5E5400286082 /* Category.swift */,
			);
			name = Model;
			sourceTree = "<group>";
		};
		93434C8D1DBE4CAA00286082 /* View */ = {
			isa = PBXGroup;
			children = (
				93434C6D1DBE4B6700286082 /* Main.storyboard */,
				93434CD21DBE6B0400286082 /* AppCollectionViewCell.swift */,
				93434CD41DBE6CFE00286082 /* CategoryTableViewCell.swift */,
			);
			name = View;
			sourceTree = "<group>";
		};
		93434C911DBE4D1300286082 /* Controller */ = {
			isa = PBXGroup;
			children = (
				93434C9D1DBE671000286082 /* CategoriesViewController.swift */,
				9300BE1F1DBE9F1100C77615 /* ApplicationViewController.swift */,
				938F52FF1DBFB493008AC673 /* ApplicationDetailsViewController.swift */,
			);
			path = Controller;
			sourceTree = "<group>";
		};
		93434C941DBE4FBC00286082 /* API */ = {
			isa = PBXGroup;
			children = (
				93434C951DBE4FD500286082 /* Constants.swift */,
				93434C991DBE529E00286082 /* ApiRequests.swift */,
				9300BE1B1DBE835000C77615 /* RappManager.swift */,
				9300BE1D1DBE843300C77615 /* Reachability.swift */,
			);
			name = API;
			sourceTree = "<group>";
		};
		93434C9F1DBE6A8500286082 /* SF UI */ = {
			isa = PBXGroup;
			children = (
				93434CA11DBE6A8500286082 /* SF-UI-Display */,
				93434CAB1DBE6A8500286082 /* SF-UI-Text */,
			);
			path = "SF UI";
			sourceTree = "<group>";
		};
		93434CA11DBE6A8500286082 /* SF-UI-Display */ = {
			isa = PBXGroup;
			children = (
				93434CA21DBE6A8500286082 /* SF-UI-Display-Black.otf */,
				93434CA31DBE6A8500286082 /* SF-UI-Display-Bold.otf */,
				93434CA41DBE6A8500286082 /* SF-UI-Display-Heavy.otf */,
				93434CA51DBE6A8500286082 /* SF-UI-Display-Light.otf */,
				93434CA61DBE6A8500286082 /* SF-UI-Display-Medium.otf */,
				93434CA71DBE6A8500286082 /* SF-UI-Display-Regular.otf */,
				93434CA81DBE6A8500286082 /* SF-UI-Display-Semibold.otf */,
				93434CA91DBE6A8500286082 /* SF-UI-Display-Thin.otf */,
				93434CAA1DBE6A8500286082 /* SF-UI-Display-Ultralight.otf */,
			);
			path = "SF-UI-Display";
			sourceTree = "<group>";
		};
		93434CAB1DBE6A8500286082 /* SF-UI-Text */ = {
			isa = PBXGroup;
			children = (
				93434CAC1DBE6A8500286082 /* SF-UI-Text-Bold.otf */,
				93434CAD1DBE6A8500286082 /* SF-UI-Text-BoldItalic.otf */,
				93434CAE1DBE6A8500286082 /* SF-UI-Text-Heavy.otf */,
				93434CAF1DBE6A8500286082 /* SF-UI-Text-HeavyItalic.otf */,
				93434CB01DBE6A8500286082 /* SF-UI-Text-Light.otf */,
				93434CB11DBE6A8500286082 /* SF-UI-Text-LightItalic.otf */,
				93434CB21DBE6A8500286082 /* SF-UI-Text-Medium.otf */,
				93434CB31DBE6A8500286082 /* SF-UI-Text-MediumItalic.otf */,
				93434CB41DBE6A8500286082 /* SF-UI-Text-Regular.otf */,
				93434CB51DBE6A8500286082 /* SF-UI-Text-RegularItalic.otf */,
				93434CB61DBE6A8500286082 /* SF-UI-Text-Semibold.otf */,
				93434CB71DBE6A8500286082 /* SF-UI-Text-SemiboldItalic.otf */,
				93434CB81DBE6A8500286082 /* SF-UI-Text-Ultrathin.otf */,
				93434CB91DBE6A8500286082 /* SF-UI-Text-UltrathinItalic.otf */,
			);
			path = "SF-UI-Text";
			sourceTree = "<group>";
		};
		97F20444944FAC4CC2599646 /* Pods */ = {
			isa = PBXGroup;
			children = (
				91631C8C5284083209FA748C /* Pods-RappStore.debug.xcconfig */,
				FF727C082DC15354A0DAE454 /* Pods-RappStore.release.xcconfig */,
				46F4478C4A1EADDF86DFCC38 /* Pods-RappStoreTests.debug.xcconfig */,
				FACF0DE988F6F8A48AD28D7D /* Pods-RappStoreTests.release.xcconfig */,
			);
			name = Pods;
			sourceTree = "<group>";
		};
/* End PBXGroup section */

/* Begin PBXNativeTarget section */
		93434C651DBE4B6700286082 /* RappStore */ = {
			isa = PBXNativeTarget;
			buildConfigurationList = 93434C861DBE4B6800286082 /* Build configuration list for PBXNativeTarget "RappStore" */;
			buildPhases = (
				5807C6B39A9D2205CE536B5C /* [CP] Check Pods Manifest.lock */,
				93434C621DBE4B6700286082 /* Sources */,
				93434C631DBE4B6700286082 /* Frameworks */,
				93434C641DBE4B6700286082 /* Resources */,
				3D0905D27C22E6D0826D15EC /* [CP] Embed Pods Frameworks */,
				2E0248F8BB0846CE16C89090 /* [CP] Copy Pods Resources */,
			);
			buildRules = (
			);
			dependencies = (
			);
			name = RappStore;
			productName = RappStore;
			productReference = 93434C661DBE4B6700286082 /* RappStore.app */;
			productType = "com.apple.product-type.application";
		};
		93434C7C1DBE4B6800286082 /* RappStoreTests */ = {
			isa = PBXNativeTarget;
			buildConfigurationList = 93434C891DBE4B6800286082 /* Build configuration list for PBXNativeTarget "RappStoreTests" */;
			buildPhases = (
				90F73BAA367850BB3E938E30 /* [CP] Check Pods Manifest.lock */,
				93434C791DBE4B6800286082 /* Sources */,
				93434C7A1DBE4B6800286082 /* Frameworks */,
				93434C7B1DBE4B6800286082 /* Resources */,
				28A7D7D86D4853B401C7C977 /* [CP] Embed Pods Frameworks */,
				8809C741FE511646219F792C /* [CP] Copy Pods Resources */,
			);
			buildRules = (
			);
			dependencies = (
				93434C7F1DBE4B6800286082 /* PBXTargetDependency */,
			);
			name = RappStoreTests;
			productName = RappStoreTests;
			productReference = 93434C7D1DBE4B6800286082 /* RappStoreTests.xctest */;
			productType = "com.apple.product-type.bundle.unit-test";
		};
/* End PBXNativeTarget section */

/* Begin PBXProject section */
		93434C5E1DBE4B6700286082 /* Project object */ = {
			isa = PBXProject;
			attributes = {
				LastSwiftUpdateCheck = 0800;
				LastUpgradeCheck = 0800;
				ORGANIZATIONNAME = Bolivar;
				TargetAttributes = {
					93434C651DBE4B6700286082 = {
						CreatedOnToolsVersion = 8.0;
						DevelopmentTeam = K87XPR878Y;
						ProvisioningStyle = Automatic;
					};
					93434C7C1DBE4B6800286082 = {
						CreatedOnToolsVersion = 8.0;
						DevelopmentTeam = K87XPR878Y;
						ProvisioningStyle = Automatic;
						TestTargetID = 93434C651DBE4B6700286082;
					};
				};
			};
			buildConfigurationList = 93434C611DBE4B6700286082 /* Build configuration list for PBXProject "RappStore" */;
			compatibilityVersion = "Xcode 3.2";
			developmentRegion = English;
			hasScannedForEncodings = 0;
			knownRegions = (
				en,
				Base,
			);
			mainGroup = 93434C5D1DBE4B6700286082;
			productRefGroup = 93434C671DBE4B6700286082 /* Products */;
			projectDirPath = "";
			projectRoot = "";
			targets = (
				93434C651DBE4B6700286082 /* RappStore */,
				93434C7C1DBE4B6800286082 /* RappStoreTests */,
			);
		};
/* End PBXProject section */

/* Begin PBXResourcesBuildPhase section */
		93434C641DBE4B6700286082 /* Resources */ = {
			isa = PBXResourcesBuildPhase;
			buildActionMask = 2147483647;
			files = (
				93434CCE1DBE6A8500286082 /* SF-UI-Text-Semibold.otf in Resources */,
				93434CBB1DBE6A8500286082 /* SF-UI-Display-Black.otf in Resources */,
				93434CCB1DBE6A8500286082 /* SF-UI-Text-MediumItalic.otf in Resources */,
				93434CD11DBE6A8500286082 /* SF-UI-Text-UltrathinItalic.otf in Resources */,
				93434CC01DBE6A8500286082 /* SF-UI-Display-Regular.otf in Resources */,
				93434CBE1DBE6A8500286082 /* SF-UI-Display-Light.otf in Resources */,
				93434CC31DBE6A8500286082 /* SF-UI-Display-Ultralight.otf in Resources */,
				93434CC21DBE6A8500286082 /* SF-UI-Display-Thin.otf in Resources */,
				93434CBF1DBE6A8500286082 /* SF-UI-Display-Medium.otf in Resources */,
				93434C771DBE4B6700286082 /* LaunchScreen.storyboard in Resources */,
				93434CCA1DBE6A8500286082 /* SF-UI-Text-Medium.otf in Resources */,
				93434CC41DBE6A8500286082 /* SF-UI-Text-Bold.otf in Resources */,
				93434C741DBE4B6700286082 /* Assets.xcassets in Resources */,
				93434CBC1DBE6A8500286082 /* SF-UI-Display-Bold.otf in Resources */,
				93434CC61DBE6A8500286082 /* SF-UI-Text-Heavy.otf in Resources */,
				93434CCD1DBE6A8500286082 /* SF-UI-Text-RegularItalic.otf in Resources */,
				93434CCC1DBE6A8500286082 /* SF-UI-Text-Regular.otf in Resources */,
				93434CCF1DBE6A8500286082 /* SF-UI-Text-SemiboldItalic.otf in Resources */,
				93434CBD1DBE6A8500286082 /* SF-UI-Display-Heavy.otf in Resources */,
				93434C6F1DBE4B6700286082 /* Main.storyboard in Resources */,
				93434CC71DBE6A8500286082 /* SF-UI-Text-HeavyItalic.otf in Resources */,
				93434CC51DBE6A8500286082 /* SF-UI-Text-BoldItalic.otf in Resources */,
				93434CC91DBE6A8500286082 /* SF-UI-Text-LightItalic.otf in Resources */,
				93434CC81DBE6A8500286082 /* SF-UI-Text-Light.otf in Resources */,
				93434CC11DBE6A8500286082 /* SF-UI-Display-Semibold.otf in Resources */,
				93434CD01DBE6A8500286082 /* SF-UI-Text-Ultrathin.otf in Resources */,
			);
			runOnlyForDeploymentPostprocessing = 0;
		};
		93434C7B1DBE4B6800286082 /* Resources */ = {
			isa = PBXResourcesBuildPhase;
			buildActionMask = 2147483647;
			files = (
			);
			runOnlyForDeploymentPostprocessing = 0;
		};
/* End PBXResourcesBuildPhase section */

/* Begin PBXShellScriptBuildPhase section */
		28A7D7D86D4853B401C7C977 /* [CP] Embed Pods Frameworks */ = {
			isa = PBXShellScriptBuildPhase;
			buildActionMask = 2147483647;
			files = (
			);
			inputPaths = (
			);
			name = "[CP] Embed Pods Frameworks";
			outputPaths = (
			);
			runOnlyForDeploymentPostprocessing = 0;
			shellPath = /bin/sh;
			shellScript = "\"${SRCROOT}/Pods/Target Support Files/Pods-RappStoreTests/Pods-RappStoreTests-frameworks.sh\"\n";
			showEnvVarsInLog = 0;
		};
		2E0248F8BB0846CE16C89090 /* [CP] Copy Pods Resources */ = {
			isa = PBXShellScriptBuildPhase;
			buildActionMask = 2147483647;
			files = (
			);
			inputPaths = (
			);
			name = "[CP] Copy Pods Resources";
			outputPaths = (
			);
			runOnlyForDeploymentPostprocessing = 0;
			shellPath = /bin/sh;
			shellScript = "\"${SRCROOT}/Pods/Target Support Files/Pods-RappStore/Pods-RappStore-resources.sh\"\n";
			showEnvVarsInLog = 0;
		};
		3D0905D27C22E6D0826D15EC /* [CP] Embed Pods Frameworks */ = {
			isa = PBXShellScriptBuildPhase;
			buildActionMask = 2147483647;
			files = (
			);
			inputPaths = (
			);
			name = "[CP] Embed Pods Frameworks";
			outputPaths = (
			);
			runOnlyForDeploymentPostprocessing = 0;
			shellPath = /bin/sh;
			shellScript = "\"${SRCROOT}/Pods/Target Support Files/Pods-RappStore/Pods-RappStore-frameworks.sh\"\n";
			showEnvVarsInLog = 0;
		};
		5807C6B39A9D2205CE536B5C /* [CP] Check Pods Manifest.lock */ = {
			isa = PBXShellScriptBuildPhase;
			buildActionMask = 2147483647;
			files = (
			);
			inputPaths = (
			);
			name = "[CP] Check Pods Manifest.lock";
			outputPaths = (
			);
			runOnlyForDeploymentPostprocessing = 0;
			shellPath = /bin/sh;
			shellScript = "diff \"${PODS_ROOT}/../Podfile.lock\" \"${PODS_ROOT}/Manifest.lock\" > /dev/null\nif [[ $? != 0 ]] ; then\n    cat << EOM\nerror: The sandbox is not in sync with the Podfile.lock. Run 'pod install' or update your CocoaPods installation.\nEOM\n    exit 1\nfi\n";
			showEnvVarsInLog = 0;
		};
		8809C741FE511646219F792C /* [CP] Copy Pods Resources */ = {
			isa = PBXShellScriptBuildPhase;
			buildActionMask = 2147483647;
			files = (
			);
			inputPaths = (
			);
			name = "[CP] Copy Pods Resources";
			outputPaths = (
			);
			runOnlyForDeploymentPostprocessing = 0;
			shellPath = /bin/sh;
			shellScript = "\"${SRCROOT}/Pods/Target Support Files/Pods-RappStoreTests/Pods-RappStoreTests-resources.sh\"\n";
			showEnvVarsInLog = 0;
		};
		90F73BAA367850BB3E938E30 /* [CP] Check Pods Manifest.lock */ = {
			isa = PBXShellScriptBuildPhase;
			buildActionMask = 2147483647;
			files = (
			);
			inputPaths = (
			);
			name = "[CP] Check Pods Manifest.lock";
			outputPaths = (
			);
			runOnlyForDeploymentPostprocessing = 0;
			shellPath = /bin/sh;
			shellScript = "diff \"${PODS_ROOT}/../Podfile.lock\" \"${PODS_ROOT}/Manifest.lock\" > /dev/null\nif [[ $? != 0 ]] ; then\n    cat << EOM\nerror: The sandbox is not in sync with the Podfile.lock. Run 'pod install' or update your CocoaPods installation.\nEOM\n    exit 1\nfi\n";
			showEnvVarsInLog = 0;
		};
/* End PBXShellScriptBuildPhase section */

/* Begin PBXSourcesBuildPhase section */
		93434C621DBE4B6700286082 /* Sources */ = {
			isa = PBXSourcesBuildPhase;
			buildActionMask = 2147483647;
			files = (
				93434C961DBE4FD500286082 /* Constants.swift in Sources */,
				93434C721DBE4B6700286082 /* RappStore.xcdatamodeld in Sources */,
				93434C9A1DBE529E00286082 /* ApiRequests.swift in Sources */,
				938F53001DBFB493008AC673 /* ApplicationDetailsViewController.swift in Sources */,
				93434C901DBE4CE700286082 /* App.swift in Sources */,
				93434C6A1DBE4B6700286082 /* AppDelegate.swift in Sources */,
				9300BE201DBE9F1100C77615 /* ApplicationViewController.swift in Sources */,
				93434C9E1DBE671000286082 /* CategoriesViewController.swift in Sources */,
				93434CD31DBE6B0400286082 /* AppCollectionViewCell.swift in Sources */,
				9300BE1E1DBE843300C77615 /* Reachability.swift in Sources */,
				93434C9C1DBE5E5400286082 /* Category.swift in Sources */,
				9300BE1C1DBE835000C77615 /* RappManager.swift in Sources */,
				93434CD51DBE6CFE00286082 /* CategoryTableViewCell.swift in Sources */,
			);
			runOnlyForDeploymentPostprocessing = 0;
		};
		93434C791DBE4B6800286082 /* Sources */ = {
			isa = PBXSourcesBuildPhase;
			buildActionMask = 2147483647;
			files = (
				93434C821DBE4B6800286082 /* RappStoreTests.swift in Sources */,
			);
			runOnlyForDeploymentPostprocessing = 0;
		};
/* End PBXSourcesBuildPhase section */

/* Begin PBXTargetDependency section */
		93434C7F1DBE4B6800286082 /* PBXTargetDependency */ = {
			isa = PBXTargetDependency;
			target = 93434C651DBE4B6700286082 /* RappStore */;
			targetProxy = 93434C7E1DBE4B6800286082 /* PBXContainerItemProxy */;
		};
/* End PBXTargetDependency section */

/* Begin PBXVariantGroup section */
		93434C6D1DBE4B6700286082 /* Main.storyboard */ = {
			isa = PBXVariantGroup;
			children = (
				93434C6E1DBE4B6700286082 /* Base */,
			);
			name = Main.storyboard;
			sourceTree = "<group>";
		};
		93434C751DBE4B6700286082 /* LaunchScreen.storyboard */ = {
			isa = PBXVariantGroup;
			children = (
				93434C761DBE4B6700286082 /* Base */,
			);
			name = LaunchScreen.storyboard;
			sourceTree = "<group>";
		};
/* End PBXVariantGroup section */

/* Begin XCBuildConfiguration section */
		93434C841DBE4B6800286082 /* Debug */ = {
			isa = XCBuildConfiguration;
			buildSettings = {
				ALWAYS_SEARCH_USER_PATHS = NO;
				CLANG_ANALYZER_NONNULL = YES;
				CLANG_CXX_LANGUAGE_STANDARD = "gnu++0x";
				CLANG_CXX_LIBRARY = "libc++";
				CLANG_ENABLE_MODULES = YES;
				CLANG_ENABLE_OBJC_ARC = YES;
				CLANG_WARN_BOOL_CONVERSION = YES;
				CLANG_WARN_CONSTANT_CONVERSION = YES;
				CLANG_WARN_DIRECT_OBJC_ISA_USAGE = YES_ERROR;
				CLANG_WARN_DOCUMENTATION_COMMENTS = YES;
				CLANG_WARN_EMPTY_BODY = YES;
				CLANG_WARN_ENUM_CONVERSION = YES;
				CLANG_WARN_INFINITE_RECURSION = YES;
				CLANG_WARN_INT_CONVERSION = YES;
				CLANG_WARN_OBJC_ROOT_CLASS = YES_ERROR;
				CLANG_WARN_SUSPICIOUS_MOVES = YES;
				CLANG_WARN_UNREACHABLE_CODE = YES;
				CLANG_WARN__DUPLICATE_METHOD_MATCH = YES;
				"CODE_SIGN_IDENTITY[sdk=iphoneos*]" = "iPhone Developer";
				COPY_PHASE_STRIP = NO;
				DEBUG_INFORMATION_FORMAT = dwarf;
				ENABLE_STRICT_OBJC_MSGSEND = YES;
				ENABLE_TESTABILITY = YES;
				GCC_C_LANGUAGE_STANDARD = gnu99;
				GCC_DYNAMIC_NO_PIC = NO;
				GCC_NO_COMMON_BLOCKS = YES;
				GCC_OPTIMIZATION_LEVEL = 0;
				GCC_PREPROCESSOR_DEFINITIONS = (
					"DEBUG=1",
					"$(inherited)",
				);
				GCC_WARN_64_TO_32_BIT_CONVERSION = YES;
				GCC_WARN_ABOUT_RETURN_TYPE = YES_ERROR;
				GCC_WARN_UNDECLARED_SELECTOR = YES;
				GCC_WARN_UNINITIALIZED_AUTOS = YES_AGGRESSIVE;
				GCC_WARN_UNUSED_FUNCTION = YES;
				GCC_WARN_UNUSED_VARIABLE = YES;
				IPHONEOS_DEPLOYMENT_TARGET = 10.0;
				MTL_ENABLE_DEBUG_INFO = YES;
				ONLY_ACTIVE_ARCH = YES;
				SDKROOT = iphoneos;
				SWIFT_ACTIVE_COMPILATION_CONDITIONS = DEBUG;
				SWIFT_OPTIMIZATION_LEVEL = "-Onone";
			};
			name = Debug;
		};
		93434C851DBE4B6800286082 /* Release */ = {
			isa = XCBuildConfiguration;
			buildSettings = {
				ALWAYS_SEARCH_USER_PATHS = NO;
				CLANG_ANALYZER_NONNULL = YES;
				CLANG_CXX_LANGUAGE_STANDARD = "gnu++0x";
				CLANG_CXX_LIBRARY = "libc++";
				CLANG_ENABLE_MODULES = YES;
				CLANG_ENABLE_OBJC_ARC = YES;
				CLANG_WARN_BOOL_CONVERSION = YES;
				CLANG_WARN_CONSTANT_CONVERSION = YES;
				CLANG_WARN_DIRECT_OBJC_ISA_USAGE = YES_ERROR;
				CLANG_WARN_DOCUMENTATION_COMMENTS = YES;
				CLANG_WARN_EMPTY_BODY = YES;
				CLANG_WARN_ENUM_CONVERSION = YES;
				CLANG_WARN_INFINITE_RECURSION = YES;
				CLANG_WARN_INT_CONVERSION = YES;
				CLANG_WARN_OBJC_ROOT_CLASS = YES_ERROR;
				CLANG_WARN_SUSPICIOUS_MOVES = YES;
				CLANG_WARN_UNREACHABLE_CODE = YES;
				CLANG_WARN__DUPLICATE_METHOD_MATCH = YES;
				"CODE_SIGN_IDENTITY[sdk=iphoneos*]" = "iPhone Developer";
				COPY_PHASE_STRIP = NO;
				DEBUG_INFORMATION_FORMAT = "dwarf-with-dsym";
				ENABLE_NS_ASSERTIONS = NO;
				ENABLE_STRICT_OBJC_MSGSEND = YES;
				GCC_C_LANGUAGE_STANDARD = gnu99;
				GCC_NO_COMMON_BLOCKS = YES;
				GCC_WARN_64_TO_32_BIT_CONVERSION = YES;
				GCC_WARN_ABOUT_RETURN_TYPE = YES_ERROR;
				GCC_WARN_UNDECLARED_SELECTOR = YES;
				GCC_WARN_UNINITIALIZED_AUTOS = YES_AGGRESSIVE;
				GCC_WARN_UNUSED_FUNCTION = YES;
				GCC_WARN_UNUSED_VARIABLE = YES;
				IPHONEOS_DEPLOYMENT_TARGET = 10.0;
				MTL_ENABLE_DEBUG_INFO = NO;
				SDKROOT = iphoneos;
				SWIFT_OPTIMIZATION_LEVEL = "-Owholemodule";
				VALIDATE_PRODUCT = YES;
			};
			name = Release;
		};
		93434C871DBE4B6800286082 /* Debug */ = {
			isa = XCBuildConfiguration;
			baseConfigurationReference = 91631C8C5284083209FA748C /* Pods-RappStore.debug.xcconfig */;
			buildSettings = {
				ASSETCATALOG_COMPILER_APPICON_NAME = AppIcon;
				DEVELOPMENT_TEAM = K87XPR878Y;
				INFOPLIST_FILE = RappStore/Info.plist;
				LD_RUNPATH_SEARCH_PATHS = "$(inherited) @executable_path/Frameworks";
				PRODUCT_BUNDLE_IDENTIFIER = Bolivar.RappStore;
				PRODUCT_NAME = "$(TARGET_NAME)";
				SWIFT_VERSION = 3.0;
				TARGETED_DEVICE_FAMILY = 1;
			};
			name = Debug;
		};
		93434C881DBE4B6800286082 /* Release */ = {
			isa = XCBuildConfiguration;
			baseConfigurationReference = FF727C082DC15354A0DAE454 /* Pods-RappStore.release.xcconfig */;
			buildSettings = {
				ASSETCATALOG_COMPILER_APPICON_NAME = AppIcon;
				DEVELOPMENT_TEAM = K87XPR878Y;
				INFOPLIST_FILE = RappStore/Info.plist;
				LD_RUNPATH_SEARCH_PATHS = "$(inherited) @executable_path/Frameworks";
				PRODUCT_BUNDLE_IDENTIFIER = Bolivar.RappStore;
				PRODUCT_NAME = "$(TARGET_NAME)";
				SWIFT_VERSION = 3.0;
				TARGETED_DEVICE_FAMILY = 1;
			};
			name = Release;
		};
		93434C8A1DBE4B6800286082 /* Debug */ = {
			isa = XCBuildConfiguration;
			baseConfigurationReference = 46F4478C4A1EADDF86DFCC38 /* Pods-RappStoreTests.debug.xcconfig */;
			buildSettings = {
				ALWAYS_EMBED_SWIFT_STANDARD_LIBRARIES = YES;
				BUNDLE_LOADER = "$(TEST_HOST)";
				DEVELOPMENT_TEAM = K87XPR878Y;
				INFOPLIST_FILE = RappStoreTests/Info.plist;
				LD_RUNPATH_SEARCH_PATHS = "$(inherited) @executable_path/Frameworks @loader_path/Frameworks";
				PRODUCT_BUNDLE_IDENTIFIER = Bolivar.RappStoreTests;
				PRODUCT_NAME = "$(TARGET_NAME)";
				SWIFT_VERSION = 3.0;
				TEST_HOST = "$(BUILT_PRODUCTS_DIR)/RappStore.app/RappStore";
			};
			name = Debug;
		};
		93434C8B1DBE4B6800286082 /* Release */ = {
			isa = XCBuildConfiguration;
			baseConfigurationReference = FACF0DE988F6F8A48AD28D7D /* Pods-RappStoreTests.release.xcconfig */;
			buildSettings = {
				ALWAYS_EMBED_SWIFT_STANDARD_LIBRARIES = YES;
				BUNDLE_LOADER = "$(TEST_HOST)";
				DEVELOPMENT_TEAM = K87XPR878Y;
				INFOPLIST_FILE = RappStoreTests/Info.plist;
				LD_RUNPATH_SEARCH_PATHS = "$(inherited) @executable_path/Frameworks @loader_path/Frameworks";
				PRODUCT_BUNDLE_IDENTIFIER = Bolivar.RappStoreTests;
				PRODUCT_NAME = "$(TARGET_NAME)";
				SWIFT_VERSION = 3.0;
				TEST_HOST = "$(BUILT_PRODUCTS_DIR)/RappStore.app/RappStore";
			};
			name = Release;
		};
/* End XCBuildConfiguration section */

/* Begin XCConfigurationList section */
		93434C611DBE4B6700286082 /* Build configuration list for PBXProject "RappStore" */ = {
			isa = XCConfigurationList;
			buildConfigurations = (
				93434C841DBE4B6800286082 /* Debug */,
				93434C851DBE4B6800286082 /* Release */,
			);
			defaultConfigurationIsVisible = 0;
			defaultConfigurationName = Release;
		};
		93434C861DBE4B6800286082 /* Build configuration list for PBXNativeTarget "RappStore" */ = {
			isa = XCConfigurationList;
			buildConfigurations = (
				93434C871DBE4B6800286082 /* Debug */,
				93434C881DBE4B6800286082 /* Release */,
			);
			defaultConfigurationIsVisible = 0;
			defaultConfigurationName = Release;
		};
		93434C891DBE4B6800286082 /* Build configuration list for PBXNativeTarget "RappStoreTests" */ = {
			isa = XCConfigurationList;
			buildConfigurations = (
				93434C8A1DBE4B6800286082 /* Debug */,
				93434C8B1DBE4B6800286082 /* Release */,
			);
			defaultConfigurationIsVisible = 0;
			defaultConfigurationName = Release;
		};
/* End XCConfigurationList section */

/* Begin XCVersionGroup section */
		93434C701DBE4B6700286082 /* RappStore.xcdatamodeld */ = {
			isa = XCVersionGroup;
			children = (
				93434C711DBE4B6700286082 /* RappStore.xcdatamodel */,
			);
			currentVersion = 93434C711DBE4B6700286082 /* RappStore.xcdatamodel */;
			path = RappStore.xcdatamodeld;
			sourceTree = "<group>";
			versionGroupType = wrapper.xcdatamodel;
		};
/* End XCVersionGroup section */
	};
	rootObject = 93434C5E1DBE4B6700286082 /* Project object */;
}
